// !$*UTF8*$!
{
	archiveVersion = 1;
	classes = {
	};
	objectVersion = 77;
	objects = {

/* Begin PBXBuildFile section */
		00E9DEBA5885CD859E2218A8 /* LeaderboardView.swift in Sources */ = {isa = PBXBuildFile; fileRef = BA5096B1694F95145A6DF492 /* LeaderboardView.swift */; };
		00F16FB2072B0ABFBC0856E3 /* RouteProgressView.swift in Sources */ = {isa = PBXBuildFile; fileRef = 92BA403F0A56C24EF44D4226 /* RouteProgressView.swift */; };
		03761C80AA5A45D6EAF0790C /* TravelMappingWidget.swift in Sources */ = {isa = PBXBuildFile; fileRef = FEC461CA55A8177187854326 /* TravelMappingWidget.swift */; };
		07474ABCB0717F1C5295B246 /* WatchSessionManager.swift in Sources */ = {isa = PBXBuildFile; fileRef = 44954181B10D0AF59D4777BA /* WatchSessionManager.swift */; };
		15D434722FE8C22273D8AFB4 /* TMStatsService.swift in Sources */ = {isa = PBXBuildFile; fileRef = 2A9E8B0AE6A191662B7E9B15 /* TMStatsService.swift */; };
		195103B2CCCE22A7044E7417 /* TravelMappingWidgetExtension.appex in Embed Foundation Extensions */ = {isa = PBXBuildFile; fileRef = 29B3997572F4391C91DAF729 /* TravelMappingWidgetExtension.appex */; settings = {ATTRIBUTES = (RemoveHeadersOnCopy, ); }; };
		207F83210C9E65D5ABC30E1C /* TripStorageService.swift in Sources */ = {isa = PBXBuildFile; fileRef = 7C3094EC78537F818F58784F /* TripStorageService.swift */; };
		2282087DED43D72723C35F92 /* RoadTrip.swift in Sources */ = {isa = PBXBuildFile; fileRef = C8E936AC5CB50A92551B1850 /* RoadTrip.swift */; };
		23E4533DEF7889092A2387DD /* StatisticsView.swift in Sources */ = {isa = PBXBuildFile; fileRef = 2EBAAA144562AFA39F6CCA67 /* StatisticsView.swift */; };
		2BF6FF29BD0783DC9EB4DDC0 /* ShareableStatsView.swift in Sources */ = {isa = PBXBuildFile; fileRef = 9210663201BA7B9D3B1C427B /* ShareableStatsView.swift */; };
		2DF0A345DC3C331454BC4FD3 /* RoadTripListView.swift in Sources */ = {isa = PBXBuildFile; fileRef = BCE242CF12DA5FF9F2CF1B9E /* RoadTripListView.swift */; };
		49B140F98CA24D8978D11B11 /* RichLinkActivityItem.swift in Sources */ = {isa = PBXBuildFile; fileRef = F0EA45FDB549514A65423418 /* RichLinkActivityItem.swift */; };
		4B20AEA737640C29047ED502 /* GetStartedView.swift in Sources */ = {isa = PBXBuildFile; fileRef = 051BB1706E06D96F99CD3958 /* GetStartedView.swift */; };
		563AE1A01CB2E9F81214BA98 /* TripRecordingService.swift in Sources */ = {isa = PBXBuildFile; fileRef = 36F6F875A0D3BEA18A62B0BD /* TripRecordingService.swift */; };
		5892992A9AE1D929D4831F8A /* RoadTripRecordingView.swift in Sources */ = {isa = PBXBuildFile; fileRef = 6D35A740B2CB4E05C4F81A5A /* RoadTripRecordingView.swift */; };
		5A1690692F8C81B90073EBF6 /* PrivacyInfo.xcprivacy in Resources */ = {isa = PBXBuildFile; fileRef = 5A1690682F8C81B90073EBF6 /* PrivacyInfo.xcprivacy */; };
		5A16906A2F8C81B90073EBF6 /* PrivacyInfo.xcprivacy in Resources */ = {isa = PBXBuildFile; fileRef = 5A1690682F8C81B90073EBF6 /* PrivacyInfo.xcprivacy */; };
		5A9671E52F84DAC60013061D /* Sentry in Frameworks */ = {isa = PBXBuildFile; productRef = 5A9671E42F84DAC60013061D /* Sentry */; };
		5A9671F32F84DAC60013061D /* SentrySwiftUI in Frameworks */ = {isa = PBXBuildFile; productRef = 5A9671F22F84DAC60013061D /* SentrySwiftUI */; };
		5A9671F62F84DBA10013061D /* Sentry in Frameworks */ = {isa = PBXBuildFile; productRef = 5A9671F52F84DBA10013061D /* Sentry */; };
		5B6716C984C0162375D056C6 /* TripShareCard.swift in Sources */ = {isa = PBXBuildFile; fileRef = F5250E39625BEC7536065D23 /* TripShareCard.swift */; };
		5B684653902E41E37B3476DB /* SharePreviewSheet.swift in Sources */ = {isa = PBXBuildFile; fileRef = 8FEF42BEBFEAE4E64EB6347C /* SharePreviewSheet.swift */; };
		608604A24DE75EAA80939181 /* RouteCategory.swift in Sources */ = {isa = PBXBuildFile; fileRef = F6C9C53415C70244875AD2E4 /* RouteCategory.swift */; };
		60C1D2B7B1026B0AE169397E /* RoadTripAttributes.swift in Sources */ = {isa = PBXBuildFile; fileRef = D4C6EBE62DCAD2B484621406 /* RoadTripAttributes.swift */; };
		64B2692530742CAD95533E79 /* UserDetailView.swift in Sources */ = {isa = PBXBuildFile; fileRef = 1ED5BD0C47F77D26DB0E30FD /* UserDetailView.swift */; };
		66704407A556FD3797B3BB16 /* Assets.xcassets in Resources */ = {isa = PBXBuildFile; fileRef = 139342DBA16072F0CBE48A9E /* Assets.xcassets */; };
		6E81E5803B78C5E1CF16F445 /* ContentView.swift in Sources */ = {isa = PBXBuildFile; fileRef = DD5020AC24F7B6CCCFD7687E /* ContentView.swift */; };
		710442E299C703250D9F18AD /* WatchSyncService.swift in Sources */ = {isa = PBXBuildFile; fileRef = 479047D5B4036699115D21C8 /* WatchSyncService.swift */; };
		7E8373658416AA2F216F0D97 /* ErrorView.swift in Sources */ = {isa = PBXBuildFile; fileRef = E83CDCA53AFE7F9E9A05D63E /* ErrorView.swift */; };
		81A7ACA07C9BBFDE5C418C7F /* RoadTripDetailView.swift in Sources */ = {isa = PBXBuildFile; fileRef = 221802C6D659FD4D75C92FA7 /* RoadTripDetailView.swift */; };
		8874BC6CBACC5139BD2FD176 /* ThemeService.swift in Sources */ = {isa = PBXBuildFile; fileRef = 8165352148EE0E5F90A2EDF8 /* ThemeService.swift */; };
		90EDD718BBD546D8217FCCBC /* TravelMapView.swift in Sources */ = {isa = PBXBuildFile; fileRef = 757364C45F4914812C75633F /* TravelMapView.swift */; };
		91F25663D2345312A6E1E18B /* Assets.xcassets in Resources */ = {isa = PBXBuildFile; fileRef = C83CB5691973205ACA0727A3 /* Assets.xcassets */; };
		93242741DC7410503DE3F141 /* RoutePlannerView.swift in Sources */ = {isa = PBXBuildFile; fileRef = FE5EB7AE4D996A6C4229E14C /* RoutePlannerView.swift */; };
		9365DF18BD0DFC62C898719A /* SyncedSettingsService.swift in Sources */ = {isa = PBXBuildFile; fileRef = BE34762286340089EFA81617 /* SyncedSettingsService.swift */; };
		97E4DF926FCAF1F944908C79 /* RoadTripIntents.swift in Sources */ = {isa = PBXBuildFile; fileRef = AFF7086F350E62D72F2F933E /* RoadTripIntents.swift */; };
		99116496428E1CA71D65AD04 /* DataService.swift in Sources */ = {isa = PBXBuildFile; fileRef = 029E318546828EB6AFCA381D /* DataService.swift */; };
		AAE55BAC62BF16E3745637F5 /* ListFileGenerator.swift in Sources */ = {isa = PBXBuildFile; fileRef = CFF0FFB8B003446967B66033 /* ListFileGenerator.swift */; };
		ACF7A184CC3105C351431E9F /* OnboardingView.swift in Sources */ = {isa = PBXBuildFile; fileRef = 5D7AA373F0E75641F7A39E37 /* OnboardingView.swift */; };
		AD4B1FABF591EB28B082EBC1 /* SpotlightService.swift in Sources */ = {isa = PBXBuildFile; fileRef = 745F3C1DDEEE5CAD64C78F31 /* SpotlightService.swift */; };
		AF1B398804BC9C433650D4AF /* RoadTripAttributes.swift in Sources */ = {isa = PBXBuildFile; fileRef = D4C6EBE62DCAD2B484621406 /* RoadTripAttributes.swift */; };
		B59684537049E1E44C647280 /* ListFileParser.swift in Sources */ = {isa = PBXBuildFile; fileRef = BC4EA497A06B93C45AF2A0F3 /* ListFileParser.swift */; };
		B78E42369EA31FAFA474F750 /* ShareCardViews.swift in Sources */ = {isa = PBXBuildFile; fileRef = E3A343E7B5552FA2765B1B25 /* ShareCardViews.swift */; };
		BE771F880694849D1C48EC4A /* TravelMappingAPI.swift in Sources */ = {isa = PBXBuildFile; fileRef = 44E1685494C72342C46BC8A9 /* TravelMappingAPI.swift */; };
		BF83F74B198E713E11338628 /* TravelSegment.swift in Sources */ = {isa = PBXBuildFile; fileRef = 236C4323C36BD1EC8FE72795 /* TravelSegment.swift */; };
		C8766D992A63AF71FE7D967D /* FreshnessIndicator.swift in Sources */ = {isa = PBXBuildFile; fileRef = 48456B71080730137BEF3025 /* FreshnessIndicator.swift */; };
		C9ABE62841000A135BEA4F94 /* TravelMappingWatchApp.swift in Sources */ = {isa = PBXBuildFile; fileRef = B89CD9DAFB2BCB1D5997D3B3 /* TravelMappingWatchApp.swift */; };
		CC2C5BF07DFFB18162D8D58B /* RouteDetailView.swift in Sources */ = {isa = PBXBuildFile; fileRef = 6D38C145D3688EAA3D522453 /* RouteDetailView.swift */; };
		D6C7782D1E09754BAF6FFB1D /* UserListView.swift in Sources */ = {isa = PBXBuildFile; fileRef = 8621E1BCF4FDC3F5013AB9E3 /* UserListView.swift */; };
		DDD05A560F4B95EC062D1F95 /* CacheService.swift in Sources */ = {isa = PBXBuildFile; fileRef = 0D3B2307AC859836B4FE7A34 /* CacheService.swift */; };
		E16CC006D3A49C1FB58C1300 /* WatchComplication.swift in Sources */ = {isa = PBXBuildFile; fileRef = 3491CF7C0124E8B7F5B3AABA /* WatchComplication.swift */; };
		E234E143BFAFE3E06FD1D29E /* MapStyleService.swift in Sources */ = {isa = PBXBuildFile; fileRef = 9EA26D9A988C7A4CE99C4B2E /* MapStyleService.swift */; };
		E72A21B5D13F2AD9131F9E7F /* FavoritesService.swift in Sources */ = {isa = PBXBuildFile; fileRef = 94DF41B00B68103C300E4168 /* FavoritesService.swift */; };
		E80B8BC8B3E506EFDC915EAD /* SegmentMatcher.swift in Sources */ = {isa = PBXBuildFile; fileRef = 911DD9B25F38B371816F31ED /* SegmentMatcher.swift */; };
		F1C4195D43B2A60AC94DF3A1 /* TravelMappingApp.swift in Sources */ = {isa = PBXBuildFile; fileRef = CD5CDE4D8F43B6690DDB2C7A /* TravelMappingApp.swift */; };
		F5F194775DA6AA2A7B10EEC5 /* RoadTripLiveActivity.swift in Sources */ = {isa = PBXBuildFile; fileRef = 54CB6BF6CD2CBEAF6133EDF8 /* RoadTripLiveActivity.swift */; };
		F6AD86AC2918B78524DB7B94 /* RegionDetailView.swift in Sources */ = {isa = PBXBuildFile; fileRef = 2D02776026919B26F66A4020 /* RegionDetailView.swift */; };
		FA0396A0D7E7C518DFEFB9B1 /* UserProfile.swift in Sources */ = {isa = PBXBuildFile; fileRef = E52990A02947FB38A0B1328A /* UserProfile.swift */; };
		FA9040F48D6713AE094D069D /* LaunchScreen.storyboard in Resources */ = {isa = PBXBuildFile; fileRef = 215443C1B13D02E2B85943FC /* LaunchScreen.storyboard */; };
		FB2D3C039218D11DCE6BBBDF /* SettingsView.swift in Sources */ = {isa = PBXBuildFile; fileRef = CBBF62B7C75957D35494B69B /* SettingsView.swift */; };
/* End PBXBuildFile section */

/* Begin PBXContainerItemProxy section */
		D41D03065F826D1A04C51055 /* PBXContainerItemProxy */ = {
			isa = PBXContainerItemProxy;
			containerPortal = 8738B94C83BB6AE73AFA799A /* Project object */;
			proxyType = 1;
			remoteGlobalIDString = 90C5921FB567E6479DF48458;
			remoteInfo = TravelMappingWidgetExtension;
		};
/* End PBXContainerItemProxy section */

/* Begin PBXCopyFilesBuildPhase section */
		90972665F71B296F0A9B8811 /* Embed Foundation Extensions */ = {
			isa = PBXCopyFilesBuildPhase;
			buildActionMask = 2147483647;
			dstPath = "";
			dstSubfolderSpec = 13;
			files = (
				195103B2CCCE22A7044E7417 /* TravelMappingWidgetExtension.appex in Embed Foundation Extensions */,
			);
			name = "Embed Foundation Extensions";
			runOnlyForDeploymentPostprocessing = 0;
		};
/* End PBXCopyFilesBuildPhase section */

/* Begin PBXFileReference section */
		029E318546828EB6AFCA381D /* DataService.swift */ = {isa = PBXFileReference; lastKnownFileType = sourcecode.swift; path = DataService.swift; sourceTree = "<group>"; };
		051BB1706E06D96F99CD3958 /* GetStartedView.swift */ = {isa = PBXFileReference; lastKnownFileType = sourcecode.swift; path = GetStartedView.swift; sourceTree = "<group>"; };
		0D3B2307AC859836B4FE7A34 /* CacheService.swift */ = {isa = PBXFileReference; lastKnownFileType = sourcecode.swift; path = CacheService.swift; sourceTree = "<group>"; };
		139342DBA16072F0CBE48A9E /* Assets.xcassets */ = {isa = PBXFileReference; lastKnownFileType = folder.assetcatalog; name = Assets.xcassets; path = TravelMappingWatch/Assets.xcassets; sourceTree = SOURCE_ROOT; };
		1ED5BD0C47F77D26DB0E30FD /* UserDetailView.swift */ = {isa = PBXFileReference; lastKnownFileType = sourcecode.swift; path = UserDetailView.swift; sourceTree = "<group>"; };
		215443C1B13D02E2B85943FC /* LaunchScreen.storyboard */ = {isa = PBXFileReference; lastKnownFileType = None; name = LaunchScreen.storyboard; path = TravelMappingApp/LaunchScreen.storyboard; sourceTree = SOURCE_ROOT; };
		221802C6D659FD4D75C92FA7 /* RoadTripDetailView.swift */ = {isa = PBXFileReference; lastKnownFileType = sourcecode.swift; path = RoadTripDetailView.swift; sourceTree = "<group>"; };
		2258CBFA8327602A0E446FB9 /* TravelMappingApp.entitlements */ = {isa = PBXFileReference; lastKnownFileType = text.plist.entitlements; path = TravelMappingApp.entitlements; sourceTree = "<group>"; };
		236C4323C36BD1EC8FE72795 /* TravelSegment.swift */ = {isa = PBXFileReference; lastKnownFileType = sourcecode.swift; path = TravelSegment.swift; sourceTree = "<group>"; };
		24DE4B11995D2772F4EA628B /* TravelMappingWatch.app */ = {isa = PBXFileReference; explicitFileType = wrapper.application; includeInIndex = 0; path = TravelMappingWatch.app; sourceTree = BUILT_PRODUCTS_DIR; };
		2674737BE4A7AB85314507CB /* TravelMappingWidgetExtension.entitlements */ = {isa = PBXFileReference; lastKnownFileType = text.plist.entitlements; path = TravelMappingWidgetExtension.entitlements; sourceTree = "<group>"; };
		29B3997572F4391C91DAF729 /* TravelMappingWidgetExtension.appex */ = {isa = PBXFileReference; includeInIndex = 0; lastKnownFileType = "wrapper.app-extension"; path = TravelMappingWidgetExtension.appex; sourceTree = BUILT_PRODUCTS_DIR; };
		2A9E8B0AE6A191662B7E9B15 /* TMStatsService.swift */ = {isa = PBXFileReference; lastKnownFileType = sourcecode.swift; path = TMStatsService.swift; sourceTree = "<group>"; };
		2D02776026919B26F66A4020 /* RegionDetailView.swift */ = {isa = PBXFileReference; lastKnownFileType = sourcecode.swift; path = RegionDetailView.swift; sourceTree = "<group>"; };
		2EBAAA144562AFA39F6CCA67 /* StatisticsView.swift */ = {isa = PBXFileReference; lastKnownFileType = sourcecode.swift; path = StatisticsView.swift; sourceTree = "<group>"; };
		3491CF7C0124E8B7F5B3AABA /* WatchComplication.swift */ = {isa = PBXFileReference; lastKnownFileType = sourcecode.swift; path = WatchComplication.swift; sourceTree = "<group>"; };
		36F6F875A0D3BEA18A62B0BD /* TripRecordingService.swift */ = {isa = PBXFileReference; lastKnownFileType = sourcecode.swift; path = TripRecordingService.swift; sourceTree = "<group>"; };
		44954181B10D0AF59D4777BA /* WatchSessionManager.swift */ = {isa = PBXFileReference; lastKnownFileType = sourcecode.swift; name = WatchSessionManager.swift; path = TravelMappingWatch/WatchSessionManager.swift; sourceTree = SOURCE_ROOT; };
		44E1685494C72342C46BC8A9 /* TravelMappingAPI.swift */ = {isa = PBXFileReference; lastKnownFileType = sourcecode.swift; path = TravelMappingAPI.swift; sourceTree = "<group>"; };
		479047D5B4036699115D21C8 /* WatchSyncService.swift */ = {isa = PBXFileReference; lastKnownFileType = sourcecode.swift; name = WatchSyncService.swift; path = TravelMappingApp/Services/WatchSyncService.swift; sourceTree = SOURCE_ROOT; };
		48456B71080730137BEF3025 /* FreshnessIndicator.swift */ = {isa = PBXFileReference; lastKnownFileType = sourcecode.swift; path = FreshnessIndicator.swift; sourceTree = "<group>"; };
		54CB6BF6CD2CBEAF6133EDF8 /* RoadTripLiveActivity.swift */ = {isa = PBXFileReference; lastKnownFileType = sourcecode.swift; path = RoadTripLiveActivity.swift; sourceTree = "<group>"; };
		5A1690682F8C81B90073EBF6 /* PrivacyInfo.xcprivacy */ = {isa = PBXFileReference; lastKnownFileType = text.xml; path = PrivacyInfo.xcprivacy; sourceTree = "<group>"; };
		5D7AA373F0E75641F7A39E37 /* OnboardingView.swift */ = {isa = PBXFileReference; lastKnownFileType = sourcecode.swift; path = OnboardingView.swift; sourceTree = "<group>"; };
		6D35A740B2CB4E05C4F81A5A /* RoadTripRecordingView.swift */ = {isa = PBXFileReference; lastKnownFileType = sourcecode.swift; path = RoadTripRecordingView.swift; sourceTree = "<group>"; };
		6D38C145D3688EAA3D522453 /* RouteDetailView.swift */ = {isa = PBXFileReference; lastKnownFileType = sourcecode.swift; path = RouteDetailView.swift; sourceTree = "<group>"; };
		745F3C1DDEEE5CAD64C78F31 /* SpotlightService.swift */ = {isa = PBXFileReference; lastKnownFileType = sourcecode.swift; path = SpotlightService.swift; sourceTree = "<group>"; };
		757364C45F4914812C75633F /* TravelMapView.swift */ = {isa = PBXFileReference; lastKnownFileType = sourcecode.swift; path = TravelMapView.swift; sourceTree = "<group>"; };
		7C3094EC78537F818F58784F /* TripStorageService.swift */ = {isa = PBXFileReference; lastKnownFileType = sourcecode.swift; path = TripStorageService.swift; sourceTree = "<group>"; };
		8165352148EE0E5F90A2EDF8 /* ThemeService.swift */ = {isa = PBXFileReference; lastKnownFileType = sourcecode.swift; path = ThemeService.swift; sourceTree = "<group>"; };
		8621E1BCF4FDC3F5013AB9E3 /* UserListView.swift */ = {isa = PBXFileReference; lastKnownFileType = sourcecode.swift; path = UserListView.swift; sourceTree = "<group>"; };
		8E11F4373C0EF1DB4A6B8D04 /* Info.plist */ = {isa = PBXFileReference; lastKnownFileType = text.plist; path = Info.plist; sourceTree = "<group>"; };
		8FEF42BEBFEAE4E64EB6347C /* SharePreviewSheet.swift */ = {isa = PBXFileReference; lastKnownFileType = sourcecode.swift; name = SharePreviewSheet.swift; path = TravelMappingApp/Views/Sharing/SharePreviewSheet.swift; sourceTree = SOURCE_ROOT; };
		911DD9B25F38B371816F31ED /* SegmentMatcher.swift */ = {isa = PBXFileReference; lastKnownFileType = sourcecode.swift; path = SegmentMatcher.swift; sourceTree = "<group>"; };
		9210663201BA7B9D3B1C427B /* ShareableStatsView.swift */ = {isa = PBXFileReference; lastKnownFileType = sourcecode.swift; path = ShareableStatsView.swift; sourceTree = "<group>"; };
		92BA403F0A56C24EF44D4226 /* RouteProgressView.swift */ = {isa = PBXFileReference; lastKnownFileType = sourcecode.swift; path = RouteProgressView.swift; sourceTree = "<group>"; };
		94DF41B00B68103C300E4168 /* FavoritesService.swift */ = {isa = PBXFileReference; lastKnownFileType = sourcecode.swift; path = FavoritesService.swift; sourceTree = "<group>"; };
		9EA26D9A988C7A4CE99C4B2E /* MapStyleService.swift */ = {isa = PBXFileReference; lastKnownFileType = sourcecode.swift; path = MapStyleService.swift; sourceTree = "<group>"; };
		AFF7086F350E62D72F2F933E /* RoadTripIntents.swift */ = {isa = PBXFileReference; lastKnownFileType = sourcecode.swift; path = RoadTripIntents.swift; sourceTree = "<group>"; };
		B89CD9DAFB2BCB1D5997D3B3 /* TravelMappingWatchApp.swift */ = {isa = PBXFileReference; lastKnownFileType = sourcecode.swift; path = TravelMappingWatchApp.swift; sourceTree = "<group>"; };
		BA5096B1694F95145A6DF492 /* LeaderboardView.swift */ = {isa = PBXFileReference; lastKnownFileType = sourcecode.swift; path = LeaderboardView.swift; sourceTree = "<group>"; };
		BC4EA497A06B93C45AF2A0F3 /* ListFileParser.swift */ = {isa = PBXFileReference; lastKnownFileType = sourcecode.swift; path = ListFileParser.swift; sourceTree = "<group>"; };
		BCE242CF12DA5FF9F2CF1B9E /* RoadTripListView.swift */ = {isa = PBXFileReference; lastKnownFileType = sourcecode.swift; path = RoadTripListView.swift; sourceTree = "<group>"; };
		BE34762286340089EFA81617 /* SyncedSettingsService.swift */ = {isa = PBXFileReference; lastKnownFileType = sourcecode.swift; path = SyncedSettingsService.swift; sourceTree = "<group>"; };
		BF873616243F1219F0929618 /* TravelMappingWatch.entitlements */ = {isa = PBXFileReference; lastKnownFileType = text.plist.entitlements; path = TravelMappingWatch.entitlements; sourceTree = "<group>"; };
		C798E854FE1E31811A827AC8 /* TravelMappingApp.app */ = {isa = PBXFileReference; explicitFileType = wrapper.application; includeInIndex = 0; path = TravelMappingApp.app; sourceTree = BUILT_PRODUCTS_DIR; };
		C83CB5691973205ACA0727A3 /* Assets.xcassets */ = {isa = PBXFileReference; lastKnownFileType = folder.assetcatalog; path = Assets.xcassets; sourceTree = "<group>"; };
		C8E936AC5CB50A92551B1850 /* RoadTrip.swift */ = {isa = PBXFileReference; lastKnownFileType = sourcecode.swift; path = RoadTrip.swift; sourceTree = "<group>"; };
		CBBF62B7C75957D35494B69B /* SettingsView.swift */ = {isa = PBXFileReference; lastKnownFileType = sourcecode.swift; path = SettingsView.swift; sourceTree = "<group>"; };
		CD5CDE4D8F43B6690DDB2C7A /* TravelMappingApp.swift */ = {isa = PBXFileReference; lastKnownFileType = sourcecode.swift; path = TravelMappingApp.swift; sourceTree = "<group>"; };
		CFF0FFB8B003446967B66033 /* ListFileGenerator.swift */ = {isa = PBXFileReference; lastKnownFileType = sourcecode.swift; path = ListFileGenerator.swift; sourceTree = "<group>"; };
		D4C6EBE62DCAD2B484621406 /* RoadTripAttributes.swift */ = {isa = PBXFileReference; lastKnownFileType = sourcecode.swift; path = RoadTripAttributes.swift; sourceTree = "<group>"; };
		D97D60728830469D653341D0 /* Info.plist */ = {isa = PBXFileReference; lastKnownFileType = text.plist; path = Info.plist; sourceTree = "<group>"; };
		DD5020AC24F7B6CCCFD7687E /* ContentView.swift */ = {isa = PBXFileReference; lastKnownFileType = sourcecode.swift; path = ContentView.swift; sourceTree = "<group>"; };
		E3A343E7B5552FA2765B1B25 /* ShareCardViews.swift */ = {isa = PBXFileReference; lastKnownFileType = sourcecode.swift; name = ShareCardViews.swift; path = TravelMappingApp/Views/Sharing/ShareCardViews.swift; sourceTree = SOURCE_ROOT; };
		E52990A02947FB38A0B1328A /* UserProfile.swift */ = {isa = PBXFileReference; lastKnownFileType = sourcecode.swift; path = UserProfile.swift; sourceTree = "<group>"; };
		E83CDCA53AFE7F9E9A05D63E /* ErrorView.swift */ = {isa = PBXFileReference; lastKnownFileType = sourcecode.swift; path = ErrorView.swift; sourceTree = "<group>"; };
		EE525FE93FBD2CA229EDB996 /* Info.plist */ = {isa = PBXFileReference; lastKnownFileType = text.plist; path = Info.plist; sourceTree = "<group>"; };
		F0EA45FDB549514A65423418 /* RichLinkActivityItem.swift */ = {isa = PBXFileReference; lastKnownFileType = sourcecode.swift; name = RichLinkActivityItem.swift; path = TravelMappingApp/Views/Sharing/RichLinkActivityItem.swift; sourceTree = SOURCE_ROOT; };
		F5250E39625BEC7536065D23 /* TripShareCard.swift */ = {isa = PBXFileReference; lastKnownFileType = sourcecode.swift; path = TripShareCard.swift; sourceTree = "<group>"; };
		F6C9C53415C70244875AD2E4 /* RouteCategory.swift */ = {isa = PBXFileReference; lastKnownFileType = sourcecode.swift; path = RouteCategory.swift; sourceTree = "<group>"; };
		FE5EB7AE4D996A6C4229E14C /* RoutePlannerView.swift */ = {isa = PBXFileReference; lastKnownFileType = sourcecode.swift; path = RoutePlannerView.swift; sourceTree = "<group>"; };
		FEC461CA55A8177187854326 /* TravelMappingWidget.swift */ = {isa = PBXFileReference; lastKnownFileType = sourcecode.swift; path = TravelMappingWidget.swift; sourceTree = "<group>"; };
/* End PBXFileReference section */

/* Begin PBXFrameworksBuildPhase section */
		5A9671E22F84DAB60013061D /* Frameworks */ = {
			isa = PBXFrameworksBuildPhase;
			buildActionMask = 2147483647;
			files = (
				5A9671E52F84DAC60013061D /* Sentry in Frameworks */,
				5A9671F32F84DAC60013061D /* SentrySwiftUI in Frameworks */,
			);
			runOnlyForDeploymentPostprocessing = 0;
		};
		5A9671F42F84DB9C0013061D /* Frameworks */ = {
			isa = PBXFrameworksBuildPhase;
			buildActionMask = 2147483647;
			files = (
				5A9671F62F84DBA10013061D /* Sentry in Frameworks */,
			);
			runOnlyForDeploymentPostprocessing = 0;
		};
/* End PBXFrameworksBuildPhase section */

/* Begin PBXGroup section */
		281215F705BBE27274FF9527 = {
			isa = PBXGroup;
			children = (
				5A1690682F8C81B90073EBF6 /* PrivacyInfo.xcprivacy */,
				E5AF85CE34CBB53422429CB5 /* Shared */,
				7D6F54F715DE6792657D6017 /* TravelMappingApp */,
				4088F8072C99224488358C8C /* TravelMappingWatch */,
				E96D1E2F04D2BD84035AAFE1 /* TravelMappingWidget */,
				7AC8F49E1976D34FD5A38C14 /* Products */,
				44954181B10D0AF59D4777BA /* WatchSessionManager.swift */,
				215443C1B13D02E2B85943FC /* LaunchScreen.storyboard */,
				479047D5B4036699115D21C8 /* WatchSyncService.swift */,
				8FEF42BEBFEAE4E64EB6347C /* SharePreviewSheet.swift */,
				E3A343E7B5552FA2765B1B25 /* ShareCardViews.swift */,
				F0EA45FDB549514A65423418 /* RichLinkActivityItem.swift */,
				5A9671E32F84DAC60013061D /* Frameworks */,
				139342DBA16072F0CBE48A9E /* Assets.xcassets */,
			);
			sourceTree = "<group>";
		};
		4088F8072C99224488358C8C /* TravelMappingWatch */ = {
			isa = PBXGroup;
			children = (
				EE525FE93FBD2CA229EDB996 /* Info.plist */,
				BF873616243F1219F0929618 /* TravelMappingWatch.entitlements */,
				B89CD9DAFB2BCB1D5997D3B3 /* TravelMappingWatchApp.swift */,
				3491CF7C0124E8B7F5B3AABA /* WatchComplication.swift */,
			);
			path = TravelMappingWatch;
			sourceTree = "<group>";
		};
		563875118964CF96FF721BDE /* Intents */ = {
			isa = PBXGroup;
			children = (
				AFF7086F350E62D72F2F933E /* RoadTripIntents.swift */,
			);
			path = Intents;
			sourceTree = "<group>";
		};
		5A9671E32F84DAC60013061D /* Frameworks */ = {
			isa = PBXGroup;
			children = (
			);
			name = Frameworks;
			sourceTree = "<group>";
		};
		70B5D56D8A9148CB0B6F961F /* Parsers */ = {
			isa = PBXGroup;
			children = (
				CFF0FFB8B003446967B66033 /* ListFileGenerator.swift */,
				BC4EA497A06B93C45AF2A0F3 /* ListFileParser.swift */,
			);
			path = Parsers;
			sourceTree = "<group>";
		};
		724DC44814BA6AA3AD756563 /* Models */ = {
			isa = PBXGroup;
			children = (
				C8E936AC5CB50A92551B1850 /* RoadTrip.swift */,
				F6C9C53415C70244875AD2E4 /* RouteCategory.swift */,
				236C4323C36BD1EC8FE72795 /* TravelSegment.swift */,
				E52990A02947FB38A0B1328A /* UserProfile.swift */,
			);
			path = Models;
			sourceTree = "<group>";
		};
		7AC8F49E1976D34FD5A38C14 /* Products */ = {
			isa = PBXGroup;
			children = (
				C798E854FE1E31811A827AC8 /* TravelMappingApp.app */,
				24DE4B11995D2772F4EA628B /* TravelMappingWatch.app */,
				29B3997572F4391C91DAF729 /* TravelMappingWidgetExtension.appex */,
			);
			name = Products;
			sourceTree = "<group>";
		};
		7D6F54F715DE6792657D6017 /* TravelMappingApp */ = {
			isa = PBXGroup;
			children = (
				C83CB5691973205ACA0727A3 /* Assets.xcassets */,
				DD5020AC24F7B6CCCFD7687E /* ContentView.swift */,
				D97D60728830469D653341D0 /* Info.plist */,
				2258CBFA8327602A0E446FB9 /* TravelMappingApp.entitlements */,
				CD5CDE4D8F43B6690DDB2C7A /* TravelMappingApp.swift */,
				563875118964CF96FF721BDE /* Intents */,
				724DC44814BA6AA3AD756563 /* Models */,
				70B5D56D8A9148CB0B6F961F /* Parsers */,
				D328285DAE3973F0839E8F36 /* Services */,
				E242D0A6D52FBF9AFBD10318 /* Views */,
			);
			path = TravelMappingApp;
			sourceTree = "<group>";
		};
		D328285DAE3973F0839E8F36 /* Services */ = {
			isa = PBXGroup;
			children = (
				0D3B2307AC859836B4FE7A34 /* CacheService.swift */,
				029E318546828EB6AFCA381D /* DataService.swift */,
				94DF41B00B68103C300E4168 /* FavoritesService.swift */,
				9EA26D9A988C7A4CE99C4B2E /* MapStyleService.swift */,
				911DD9B25F38B371816F31ED /* SegmentMatcher.swift */,
				745F3C1DDEEE5CAD64C78F31 /* SpotlightService.swift */,
				BE34762286340089EFA81617 /* SyncedSettingsService.swift */,
				8165352148EE0E5F90A2EDF8 /* ThemeService.swift */,
				2A9E8B0AE6A191662B7E9B15 /* TMStatsService.swift */,
				44E1685494C72342C46BC8A9 /* TravelMappingAPI.swift */,
				36F6F875A0D3BEA18A62B0BD /* TripRecordingService.swift */,
				7C3094EC78537F818F58784F /* TripStorageService.swift */,
			);
			path = Services;
			sourceTree = "<group>";
		};
		E242D0A6D52FBF9AFBD10318 /* Views */ = {
			isa = PBXGroup;
			children = (
				E83CDCA53AFE7F9E9A05D63E /* ErrorView.swift */,
				48456B71080730137BEF3025 /* FreshnessIndicator.swift */,
				051BB1706E06D96F99CD3958 /* GetStartedView.swift */,
				BA5096B1694F95145A6DF492 /* LeaderboardView.swift */,
				5D7AA373F0E75641F7A39E37 /* OnboardingView.swift */,
				2D02776026919B26F66A4020 /* RegionDetailView.swift */,
				221802C6D659FD4D75C92FA7 /* RoadTripDetailView.swift */,
				BCE242CF12DA5FF9F2CF1B9E /* RoadTripListView.swift */,
				6D35A740B2CB4E05C4F81A5A /* RoadTripRecordingView.swift */,
				6D38C145D3688EAA3D522453 /* RouteDetailView.swift */,
				FE5EB7AE4D996A6C4229E14C /* RoutePlannerView.swift */,
				92BA403F0A56C24EF44D4226 /* RouteProgressView.swift */,
				CBBF62B7C75957D35494B69B /* SettingsView.swift */,
				9210663201BA7B9D3B1C427B /* ShareableStatsView.swift */,
				2EBAAA144562AFA39F6CCA67 /* StatisticsView.swift */,
				757364C45F4914812C75633F /* TravelMapView.swift */,
				F5250E39625BEC7536065D23 /* TripShareCard.swift */,
				1ED5BD0C47F77D26DB0E30FD /* UserDetailView.swift */,
				8621E1BCF4FDC3F5013AB9E3 /* UserListView.swift */,
			);
			path = Views;
			sourceTree = "<group>";
		};
		E5AF85CE34CBB53422429CB5 /* Shared */ = {
			isa = PBXGroup;
			children = (
				D4C6EBE62DCAD2B484621406 /* RoadTripAttributes.swift */,
			);
			path = Shared;
			sourceTree = "<group>";
		};
		E96D1E2F04D2BD84035AAFE1 /* TravelMappingWidget */ = {
			isa = PBXGroup;
			children = (
				8E11F4373C0EF1DB4A6B8D04 /* Info.plist */,
				54CB6BF6CD2CBEAF6133EDF8 /* RoadTripLiveActivity.swift */,
				FEC461CA55A8177187854326 /* TravelMappingWidget.swift */,
				2674737BE4A7AB85314507CB /* TravelMappingWidgetExtension.entitlements */,
			);
			path = TravelMappingWidget;
			sourceTree = "<group>";
		};
/* End PBXGroup section */

/* Begin PBXNativeTarget section */
		90C5921FB567E6479DF48458 /* TravelMappingWidgetExtension */ = {
			isa = PBXNativeTarget;
			buildConfigurationList = A1EF4ED03682D88059BC0224 /* Build configuration list for PBXNativeTarget "TravelMappingWidgetExtension" */;
			buildPhases = (
				203145C6D70D9491C88154EC /* Sources */,
			);
			buildRules = (
			);
			dependencies = (
			);
			name = TravelMappingWidgetExtension;
			packageProductDependencies = (
			);
			productName = TravelMappingWidgetExtension;
			productReference = 29B3997572F4391C91DAF729 /* TravelMappingWidgetExtension.appex */;
			productType = "com.apple.product-type.app-extension";
		};
		C642257A8E051890E88EEDD3 /* TravelMappingWatch */ = {
			isa = PBXNativeTarget;
			buildConfigurationList = C05272944E90E298C18D4553 /* Build configuration list for PBXNativeTarget "TravelMappingWatch" */;
			buildPhases = (
				E81CBCCB1E3A0555BA0AF2FE /* Sources */,
				5A9671F42F84DB9C0013061D /* Frameworks */,
				1D354E63AA14FA63A96BF771 /* Resources */,
				0389BE05B5984233B345A532 /* Upload Debug Symbols to Sentry */,
			);
			buildRules = (
			);
			dependencies = (
			);
			name = TravelMappingWatch;
			packageProductDependencies = (
				5A9671F52F84DBA10013061D /* Sentry */,
			);
			productName = TravelMappingWatch;
			productReference = 24DE4B11995D2772F4EA628B /* TravelMappingWatch.app */;
			productType = "com.apple.product-type.application";
		};
		D707C82EAEC3A4E4B422E543 /* TravelMappingApp */ = {
			isa = PBXNativeTarget;
			buildConfigurationList = 5C5520654A7728D57D3565AF /* Build configuration list for PBXNativeTarget "TravelMappingApp" */;
			buildPhases = (
				C13811FBE29DE04F7D4E05DD /* Sources */,
				35D168975FC2CB5EE422D53B /* Resources */,
				90972665F71B296F0A9B8811 /* Embed Foundation Extensions */,
				5A9671E22F84DAB60013061D /* Frameworks */,
				C47A7AAEBCD44018B9426D44 /* Upload Debug Symbols to Sentry */,
			);
			buildRules = (
			);
			dependencies = (
				FA6674B3C8ACD8B6040E530B /* PBXTargetDependency */,
			);
			name = TravelMappingApp;
			packageProductDependencies = (
				5A9671E42F84DAC60013061D /* Sentry */,
				5A9671F22F84DAC60013061D /* SentrySwiftUI */,
			);
			productName = TravelMappingApp;
			productReference = C798E854FE1E31811A827AC8 /* TravelMappingApp.app */;
			productType = "com.apple.product-type.application";
		};
/* End PBXNativeTarget section */

/* Begin PBXProject section */
		8738B94C83BB6AE73AFA799A /* Project object */ = {
			isa = PBXProject;
			attributes = {
				BuildIndependentTargetsInParallel = YES;
				LastUpgradeCheck = 1600;
				TargetAttributes = {
					90C5921FB567E6479DF48458 = {
						DevelopmentTeam = ZL7GK63U5K;
						ProvisioningStyle = Automatic;
					};
					C642257A8E051890E88EEDD3 = {
						DevelopmentTeam = ZL7GK63U5K;
						ProvisioningStyle = Automatic;
					};
					D707C82EAEC3A4E4B422E543 = {
						DevelopmentTeam = ZL7GK63U5K;
						ProvisioningStyle = Automatic;
					};
				};
			};
			buildConfigurationList = 0F53829FA62538701C724A4E /* Build configuration list for PBXProject "TravelMappingApp" */;
			developmentRegion = en;
			hasScannedForEncodings = 0;
			knownRegions = (
				Base,
				en,
			);
			mainGroup = 281215F705BBE27274FF9527;
			minimizedProjectReferenceProxies = 1;
			packageReferences = (
				5AD301CA2F84D2EE006E410A /* XCRemoteSwiftPackageReference "sentry-cocoa" */,
			);
			preferredProjectObjectVersion = 77;
			productRefGroup = 7AC8F49E1976D34FD5A38C14 /* Products */;
			projectDirPath = "";
			projectRoot = "";
			targets = (
				D707C82EAEC3A4E4B422E543 /* TravelMappingApp */,
				C642257A8E051890E88EEDD3 /* TravelMappingWatch */,
				90C5921FB567E6479DF48458 /* TravelMappingWidgetExtension */,
			);
		};
/* End PBXProject section */

/* Begin PBXResourcesBuildPhase section */
		1D354E63AA14FA63A96BF771 /* Resources */ = {
			isa = PBXResourcesBuildPhase;
			buildActionMask = 2147483647;
			files = (
				5A16906A2F8C81B90073EBF6 /* PrivacyInfo.xcprivacy in Resources */,
				66704407A556FD3797B3BB16 /* Assets.xcassets in Resources */,
			);
			runOnlyForDeploymentPostprocessing = 0;
		};
		35D168975FC2CB5EE422D53B /* Resources */ = {
			isa = PBXResourcesBuildPhase;
			buildActionMask = 2147483647;
			files = (
				5A1690692F8C81B90073EBF6 /* PrivacyInfo.xcprivacy in Resources */,
				91F25663D2345312A6E1E18B /* Assets.xcassets in Resources */,
				FA9040F48D6713AE094D069D /* LaunchScreen.storyboard in Resources */,
			);
			runOnlyForDeploymentPostprocessing = 0;
		};
/* End PBXResourcesBuildPhase section */

/* Begin PBXShellScriptBuildPhase section */
		0389BE05B5984233B345A532 /* Upload Debug Symbols to Sentry */ = {
			isa = PBXShellScriptBuildPhase;
			alwaysOutOfDate = 1;
			buildActionMask = 2147483647;
			files = (
			);
			inputPaths = (
				"${DWARF_DSYM_FOLDER_PATH}/${DWARF_DSYM_FILE_NAME}/Contents/Resources/DWARF/${TARGET_NAME}",
			);
			name = "Upload Debug Symbols to Sentry";
			outputPaths = (
			);
			runOnlyForDeploymentPostprocessing = 0;
			shellPath = /bin/sh;
			shellScript = "# This script is responsible for uploading debug symbols and source context for Sentry.\nif [[ \"$(uname -m)\" == arm64 ]]; then\n  export PATH=\"/opt/homebrew/bin:$PATH\"\nfi\n\nif which sentry-cli >/dev/null; then\n  export SENTRY_ORG=psiegel\n  export SENTRY_PROJECT=travelmapping\n  ERROR=$(sentry-cli debug-files upload --include-sources \"$DWARF_DSYM_FOLDER_PATH\" 2>&1 >/dev/null)\n  if [ ! $? -eq 0 ]; then\n    echo \"warning: sentry-cli - $ERROR\"\n  fi\nelse\n  echo \"note: sentry-cli not installed, skipping dSYM upload (install from https://github.com/getsentry/sentry-cli/releases)\"\nfi\n";
		};
		C47A7AAEBCD44018B9426D44 /* Upload Debug Symbols to Sentry */ = {
			isa = PBXShellScriptBuildPhase;
			alwaysOutOfDate = 1;
			buildActionMask = 2147483647;
			files = (
			);
			inputPaths = (
				"${DWARF_DSYM_FOLDER_PATH}/${DWARF_DSYM_FILE_NAME}/Contents/Resources/DWARF/${TARGET_NAME}",
			);
			name = "Upload Debug Symbols to Sentry";
			outputPaths = (
			);
			runOnlyForDeploymentPostprocessing = 0;
			shellPath = /bin/sh;
			shellScript = "# This script is responsible for uploading debug symbols and source context for Sentry.\nif [[ \"$(uname -m)\" == arm64 ]]; then\n  export PATH=\"/opt/homebrew/bin:$PATH\"\nfi\n\nif which sentry-cli >/dev/null; then\n  export SENTRY_ORG=psiegel\n  export SENTRY_PROJECT=travelmapping\n  ERROR=$(sentry-cli debug-files upload --include-sources \"$DWARF_DSYM_FOLDER_PATH\" 2>&1 >/dev/null)\n  if [ ! $? -eq 0 ]; then\n    echo \"warning: sentry-cli - $ERROR\"\n  fi\nelse\n  echo \"note: sentry-cli not installed, skipping dSYM upload (install from https://github.com/getsentry/sentry-cli/releases)\"\nfi\n";
		};
/* End PBXShellScriptBuildPhase section */

/* Begin PBXSourcesBuildPhase section */
		203145C6D70D9491C88154EC /* Sources */ = {
			isa = PBXSourcesBuildPhase;
			buildActionMask = 2147483647;
			files = (
				60C1D2B7B1026B0AE169397E /* RoadTripAttributes.swift in Sources */,
				F5F194775DA6AA2A7B10EEC5 /* RoadTripLiveActivity.swift in Sources */,
				03761C80AA5A45D6EAF0790C /* TravelMappingWidget.swift in Sources */,
			);
			runOnlyForDeploymentPostprocessing = 0;
		};
		C13811FBE29DE04F7D4E05DD /* Sources */ = {
			isa = PBXSourcesBuildPhase;
			buildActionMask = 2147483647;
			files = (
				DDD05A560F4B95EC062D1F95 /* CacheService.swift in Sources */,
				6E81E5803B78C5E1CF16F445 /* ContentView.swift in Sources */,
				99116496428E1CA71D65AD04 /* DataService.swift in Sources */,
				7E8373658416AA2F216F0D97 /* ErrorView.swift in Sources */,
				E72A21B5D13F2AD9131F9E7F /* FavoritesService.swift in Sources */,
				C8766D992A63AF71FE7D967D /* FreshnessIndicator.swift in Sources */,
				4B20AEA737640C29047ED502 /* GetStartedView.swift in Sources */,
				00E9DEBA5885CD859E2218A8 /* LeaderboardView.swift in Sources */,
				AAE55BAC62BF16E3745637F5 /* ListFileGenerator.swift in Sources */,
				B59684537049E1E44C647280 /* ListFileParser.swift in Sources */,
				E234E143BFAFE3E06FD1D29E /* MapStyleService.swift in Sources */,
				ACF7A184CC3105C351431E9F /* OnboardingView.swift in Sources */,
				F6AD86AC2918B78524DB7B94 /* RegionDetailView.swift in Sources */,
				2282087DED43D72723C35F92 /* RoadTrip.swift in Sources */,
				AF1B398804BC9C433650D4AF /* RoadTripAttributes.swift in Sources */,
				81A7ACA07C9BBFDE5C418C7F /* RoadTripDetailView.swift in Sources */,
				97E4DF926FCAF1F944908C79 /* RoadTripIntents.swift in Sources */,
				2DF0A345DC3C331454BC4FD3 /* RoadTripListView.swift in Sources */,
				5892992A9AE1D929D4831F8A /* RoadTripRecordingView.swift in Sources */,
				608604A24DE75EAA80939181 /* RouteCategory.swift in Sources */,
				CC2C5BF07DFFB18162D8D58B /* RouteDetailView.swift in Sources */,
				93242741DC7410503DE3F141 /* RoutePlannerView.swift in Sources */,
				00F16FB2072B0ABFBC0856E3 /* RouteProgressView.swift in Sources */,
				E80B8BC8B3E506EFDC915EAD /* SegmentMatcher.swift in Sources */,
				FB2D3C039218D11DCE6BBBDF /* SettingsView.swift in Sources */,
				2BF6FF29BD0783DC9EB4DDC0 /* ShareableStatsView.swift in Sources */,
				AD4B1FABF591EB28B082EBC1 /* SpotlightService.swift in Sources */,
				23E4533DEF7889092A2387DD /* StatisticsView.swift in Sources */,
				9365DF18BD0DFC62C898719A /* SyncedSettingsService.swift in Sources */,
				15D434722FE8C22273D8AFB4 /* TMStatsService.swift in Sources */,
				8874BC6CBACC5139BD2FD176 /* ThemeService.swift in Sources */,
				90EDD718BBD546D8217FCCBC /* TravelMapView.swift in Sources */,
				BE771F880694849D1C48EC4A /* TravelMappingAPI.swift in Sources */,
				F1C4195D43B2A60AC94DF3A1 /* TravelMappingApp.swift in Sources */,
				BF83F74B198E713E11338628 /* TravelSegment.swift in Sources */,
				563AE1A01CB2E9F81214BA98 /* TripRecordingService.swift in Sources */,
				5B6716C984C0162375D056C6 /* TripShareCard.swift in Sources */,
				207F83210C9E65D5ABC30E1C /* TripStorageService.swift in Sources */,
				64B2692530742CAD95533E79 /* UserDetailView.swift in Sources */,
				D6C7782D1E09754BAF6FFB1D /* UserListView.swift in Sources */,
				FA0396A0D7E7C518DFEFB9B1 /* UserProfile.swift in Sources */,
				710442E299C703250D9F18AD /* WatchSyncService.swift in Sources */,
				5B684653902E41E37B3476DB /* SharePreviewSheet.swift in Sources */,
				B78E42369EA31FAFA474F750 /* ShareCardViews.swift in Sources */,
				49B140F98CA24D8978D11B11 /* RichLinkActivityItem.swift in Sources */,
			);
			runOnlyForDeploymentPostprocessing = 0;
		};
		E81CBCCB1E3A0555BA0AF2FE /* Sources */ = {
			isa = PBXSourcesBuildPhase;
			buildActionMask = 2147483647;
			files = (
				C9ABE62841000A135BEA4F94 /* TravelMappingWatchApp.swift in Sources */,
				E16CC006D3A49C1FB58C1300 /* WatchComplication.swift in Sources */,
				07474ABCB0717F1C5295B246 /* WatchSessionManager.swift in Sources */,
			);
			runOnlyForDeploymentPostprocessing = 0;
		};
/* End PBXSourcesBuildPhase section */

/* Begin PBXTargetDependency section */
		FA6674B3C8ACD8B6040E530B /* PBXTargetDependency */ = {
			isa = PBXTargetDependency;
			target = 90C5921FB567E6479DF48458 /* TravelMappingWidgetExtension */;
			targetProxy = D41D03065F826D1A04C51055 /* PBXContainerItemProxy */;
		};
/* End PBXTargetDependency section */

/* Begin XCBuildConfiguration section */
		0039ADEB777C462195751EF5 /* Debug */ = {
			isa = XCBuildConfiguration;
			buildSettings = {
				ALWAYS_SEARCH_USER_PATHS = NO;
				ASSETCATALOG_COMPILER_GENERATE_ASSET_SYMBOLS = YES;
				CLANG_ANALYZER_NONNULL = YES;
				CLANG_ANALYZER_NUMBER_OBJECT_CONVERSION = YES_AGGRESSIVE;
				CLANG_CXX_LANGUAGE_STANDARD = "gnu++14";
				CLANG_CXX_LIBRARY = "libc++";
				CLANG_ENABLE_MODULES = YES;
				CLANG_ENABLE_OBJC_ARC = YES;
				CLANG_ENABLE_OBJC_WEAK = YES;
				CLANG_WARN_BLOCK_CAPTURE_AUTORELEASING = YES;
				CLANG_WARN_BOOL_CONVERSION = YES;
				CLANG_WARN_COMMA = YES;
				CLANG_WARN_CONSTANT_CONVERSION = YES;
				CLANG_WARN_DEPRECATED_OBJC_IMPLEMENTATIONS = YES;
				CLANG_WARN_DIRECT_OBJC_ISA_USAGE = YES_ERROR;
				CLANG_WARN_DOCUMENTATION_COMMENTS = YES;
				CLANG_WARN_EMPTY_BODY = YES;
				CLANG_WARN_ENUM_CONVERSION = YES;
				CLANG_WARN_INFINITE_RECURSION = YES;
				CLANG_WARN_INT_CONVERSION = YES;
				CLANG_WARN_NON_LITERAL_NULL_CONVERSION = YES;
				CLANG_WARN_OBJC_IMPLICIT_RETAIN_SELF = YES;
				CLANG_WARN_OBJC_LITERAL_CONVERSION = YES;
				CLANG_WARN_OBJC_ROOT_CLASS = YES_ERROR;
				CLANG_WARN_QUOTED_INCLUDE_IN_FRAMEWORK_HEADER = YES;
				CLANG_WARN_RANGE_LOOP_ANALYSIS = YES;
				CLANG_WARN_STRICT_PROTOTYPES = YES;
				CLANG_WARN_SUSPICIOUS_MOVE = YES;
				CLANG_WARN_UNGUARDED_AVAILABILITY = YES_AGGRESSIVE;
				CLANG_WARN_UNREACHABLE_CODE = YES;
				CLANG_WARN__DUPLICATE_METHOD_MATCH = YES;
				COPY_PHASE_STRIP = NO;
				DEAD_CODE_STRIPPING = YES;
				DEBUG_INFORMATION_FORMAT = dwarf;
				DEVELOPMENT_TEAM = ZL7GK63U5K;
				ENABLE_STRICT_OBJC_MSGSEND = YES;
				ENABLE_TESTABILITY = YES;
				ENABLE_USER_SCRIPT_SANDBOXING = YES;
				GCC_C_LANGUAGE_STANDARD = gnu11;
				GCC_DYNAMIC_NO_PIC = NO;
				GCC_NO_COMMON_BLOCKS = YES;
				GCC_OPTIMIZATION_LEVEL = 0;
				GCC_PREPROCESSOR_DEFINITIONS = (
					"$(inherited)",
					"DEBUG=1",
				);
				GCC_WARN_64_TO_32_BIT_CONVERSION = YES;
				GCC_WARN_ABOUT_RETURN_TYPE = YES_ERROR;
				GCC_WARN_UNDECLARED_SELECTOR = YES;
				GCC_WARN_UNINITIALIZED_AUTOS = YES_AGGRESSIVE;
				GCC_WARN_UNUSED_FUNCTION = YES;
				GCC_WARN_UNUSED_VARIABLE = YES;
				IPHONEOS_DEPLOYMENT_TARGET = 17.0;
				LOCALIZATION_PREFERS_STRING_CATALOGS = YES;
				LOCALIZED_STRING_SWIFTUI_SUPPORT = YES;
				MTL_ENABLE_DEBUG_INFO = INCLUDE_SOURCE;
				MTL_FAST_MATH = YES;
				ONLY_ACTIVE_ARCH = YES;
				PRODUCT_NAME = "$(TARGET_NAME)";
				SWIFT_ACTIVE_COMPILATION_CONDITIONS = DEBUG;
				SWIFT_EMIT_LOC_STRINGS = YES;
				SWIFT_ENABLE_EXPLICIT_MODULES = NO;
				SWIFT_OPTIMIZATION_LEVEL = "-Onone";
				SWIFT_VERSION = 5.10;
			};
			name = Debug;
		};
		16A5E0776B37B2B0A726E14A /* Release */ = {
			isa = XCBuildConfiguration;
			buildSettings = {
				ALWAYS_SEARCH_USER_PATHS = NO;
				ASSETCATALOG_COMPILER_GENERATE_ASSET_SYMBOLS = YES;
				CLANG_ANALYZER_NONNULL = YES;
				CLANG_ANALYZER_NUMBER_OBJECT_CONVERSION = YES_AGGRESSIVE;
				CLANG_CXX_LANGUAGE_STANDARD = "gnu++14";
				CLANG_CXX_LIBRARY = "libc++";
				CLANG_ENABLE_MODULES = YES;
				CLANG_ENABLE_OBJC_ARC = YES;
				CLANG_ENABLE_OBJC_WEAK = YES;
				CLANG_WARN_BLOCK_CAPTURE_AUTORELEASING = YES;
				CLANG_WARN_BOOL_CONVERSION = YES;
				CLANG_WARN_COMMA = YES;
				CLANG_WARN_CONSTANT_CONVERSION = YES;
				CLANG_WARN_DEPRECATED_OBJC_IMPLEMENTATIONS = YES;
				CLANG_WARN_DIRECT_OBJC_ISA_USAGE = YES_ERROR;
				CLANG_WARN_DOCUMENTATION_COMMENTS = YES;
				CLANG_WARN_EMPTY_BODY = YES;
				CLANG_WARN_ENUM_CONVERSION = YES;
				CLANG_WARN_INFINITE_RECURSION = YES;
				CLANG_WARN_INT_CONVERSION = YES;
				CLANG_WARN_NON_LITERAL_NULL_CONVERSION = YES;
				CLANG_WARN_OBJC_IMPLICIT_RETAIN_SELF = YES;
				CLANG_WARN_OBJC_LITERAL_CONVERSION = YES;
				CLANG_WARN_OBJC_ROOT_CLASS = YES_ERROR;
				CLANG_WARN_QUOTED_INCLUDE_IN_FRAMEWORK_HEADER = YES;
				CLANG_WARN_RANGE_LOOP_ANALYSIS = YES;
				CLANG_WARN_STRICT_PROTOTYPES = YES;
				CLANG_WARN_SUSPICIOUS_MOVE = YES;
				CLANG_WARN_UNGUARDED_AVAILABILITY = YES_AGGRESSIVE;
				CLANG_WARN_UNREACHABLE_CODE = YES;
				CLANG_WARN__DUPLICATE_METHOD_MATCH = YES;
				COPY_PHASE_STRIP = NO;
				DEAD_CODE_STRIPPING = YES;
				DEBUG_INFORMATION_FORMAT = "dwarf-with-dsym";
				DEVELOPMENT_TEAM = ZL7GK63U5K;
				ENABLE_NS_ASSERTIONS = NO;
				ENABLE_STRICT_OBJC_MSGSEND = YES;
				ENABLE_USER_SCRIPT_SANDBOXING = YES;
				GCC_C_LANGUAGE_STANDARD = gnu11;
				GCC_NO_COMMON_BLOCKS = YES;
				GCC_WARN_64_TO_32_BIT_CONVERSION = YES;
				GCC_WARN_ABOUT_RETURN_TYPE = YES_ERROR;
				GCC_WARN_UNDECLARED_SELECTOR = YES;
				GCC_WARN_UNINITIALIZED_AUTOS = YES_AGGRESSIVE;
				GCC_WARN_UNUSED_FUNCTION = YES;
				GCC_WARN_UNUSED_VARIABLE = YES;
				IPHONEOS_DEPLOYMENT_TARGET = 17.0;
				LOCALIZATION_PREFERS_STRING_CATALOGS = YES;
				LOCALIZED_STRING_SWIFTUI_SUPPORT = YES;
				MTL_ENABLE_DEBUG_INFO = NO;
				MTL_FAST_MATH = YES;
				PRODUCT_NAME = "$(TARGET_NAME)";
				SWIFT_COMPILATION_MODE = wholemodule;
				SWIFT_EMIT_LOC_STRINGS = YES;
				SWIFT_ENABLE_EXPLICIT_MODULES = NO;
				SWIFT_OPTIMIZATION_LEVEL = "-O";
				SWIFT_VERSION = 5.10;
			};
			name = Release;
		};
		347747EBBD44E6B82AC217F6 /* Debug */ = {
			isa = XCBuildConfiguration;
			buildSettings = {
				ASSETCATALOG_COMPILER_APPICON_NAME = AppIcon;
				CODE_SIGN_ENTITLEMENTS = TravelMappingWatch/TravelMappingWatch.entitlements;
				CODE_SIGN_STYLE = Automatic;
				CURRENT_PROJECT_VERSION = 1;
				DEBUG_INFORMATION_FORMAT = "dwarf-with-dsym";
				ENABLE_USER_SCRIPT_SANDBOXING = NO;
				INFOPLIST_FILE = TravelMappingWatch/Info.plist;
				MARKETING_VERSION = 1.0;
				PRODUCT_BUNDLE_IDENTIFIER = com.psiegel18.TravelMapping.watch;
				SDKROOT = watchos;
				SKIP_INSTALL = YES;
				TARGETED_DEVICE_FAMILY = 4;
			};
			name = Debug;
		};
		3954CBF6E6C4F22A26348BC4 /* Release */ = {
			isa = XCBuildConfiguration;
			buildSettings = {
				ASSETCATALOG_COMPILER_APPICON_NAME = AppIcon;
				CODE_SIGN_ENTITLEMENTS = TravelMappingApp/TravelMappingApp.entitlements;
				CODE_SIGN_IDENTITY = "iPhone Developer";
				CODE_SIGN_STYLE = Automatic;
				CURRENT_PROJECT_VERSION = 1;
				DEBUG_INFORMATION_FORMAT = "dwarf-with-dsym";
				ENABLE_USER_SCRIPT_SANDBOXING = NO;
				INFOPLIST_FILE = TravelMappingApp/Info.plist;
				INFOPLIST_KEY_CFBundleDisplayName = TravelMapping;
				INFOPLIST_KEY_LSApplicationCategoryType = "public.app-category.travel";
				LD_RUNPATH_SEARCH_PATHS = (
					"$(inherited)",
					"@executable_path/Frameworks",
				);
				MARKETING_VERSION = 1.0;
				PRODUCT_BUNDLE_IDENTIFIER = com.psiegel18.TravelMapping;
				SDKROOT = iphoneos;
				TARGETED_DEVICE_FAMILY = "1,2";
			};
			name = Release;
		};
		81F54076C775A2956FAD7E17 /* Release */ = {
			isa = XCBuildConfiguration;
			buildSettings = {
				CODE_SIGN_ENTITLEMENTS = TravelMappingWidget/TravelMappingWidgetExtension.entitlements;
				CODE_SIGN_STYLE = Automatic;
				CURRENT_PROJECT_VERSION = 1;
				INFOPLIST_FILE = TravelMappingWidget/Info.plist;
				LD_RUNPATH_SEARCH_PATHS = (
					"$(inherited)",
					"@executable_path/Frameworks",
					"@executable_path/../../Frameworks",
				);
				MARKETING_VERSION = 1.0;
				PRODUCT_BUNDLE_IDENTIFIER = com.psiegel18.TravelMapping.widget;
				SDKROOT = iphoneos;
				TARGETED_DEVICE_FAMILY = "1,2";
			};
			name = Release;
		};
		9008345EC066F47409532F2C /* Debug */ = {
			isa = XCBuildConfiguration;
			buildSettings = {
				ASSETCATALOG_COMPILER_APPICON_NAME = AppIcon;
				CODE_SIGN_ENTITLEMENTS = TravelMappingApp/TravelMappingApp.entitlements;
				CODE_SIGN_IDENTITY = "iPhone Developer";
				CODE_SIGN_STYLE = Automatic;
				CURRENT_PROJECT_VERSION = 1;
				DEBUG_INFORMATION_FORMAT = "dwarf-with-dsym";
				ENABLE_USER_SCRIPT_SANDBOXING = NO;
				INFOPLIST_FILE = TravelMappingApp/Info.plist;
				INFOPLIST_KEY_CFBundleDisplayName = TravelMapping;
				INFOPLIST_KEY_LSApplicationCategoryType = "public.app-category.travel";
				LD_RUNPATH_SEARCH_PATHS = (
					"$(inherited)",
					"@executable_path/Frameworks",
				);
				MARKETING_VERSION = 1.0;
				PRODUCT_BUNDLE_IDENTIFIER = com.psiegel18.TravelMapping;
				SDKROOT = iphoneos;
				TARGETED_DEVICE_FAMILY = "1,2";
			};
			name = Debug;
		};
		F3D4F7CE18D99148BF371B29 /* Release */ = {
			isa = XCBuildConfiguration;
			buildSettings = {
				ASSETCATALOG_COMPILER_APPICON_NAME = AppIcon;
				CODE_SIGN_ENTITLEMENTS = TravelMappingWatch/TravelMappingWatch.entitlements;
				CODE_SIGN_STYLE = Automatic;
				CURRENT_PROJECT_VERSION = 1;
				DEBUG_INFORMATION_FORMAT = "dwarf-with-dsym";
				ENABLE_USER_SCRIPT_SANDBOXING = NO;
				INFOPLIST_FILE = TravelMappingWatch/Info.plist;
				MARKETING_VERSION = 1.0;
				PRODUCT_BUNDLE_IDENTIFIER = com.psiegel18.TravelMapping.watch;
				SDKROOT = watchos;
				SKIP_INSTALL = YES;
				TARGETED_DEVICE_FAMILY = 4;
			};
			name = Release;
		};
		F7E2D68DD1CD77F95B6B939A /* Debug */ = {
			isa = XCBuildConfiguration;
			buildSettings = {
				CODE_SIGN_ENTITLEMENTS = TravelMappingWidget/TravelMappingWidgetExtension.entitlements;
				CODE_SIGN_STYLE = Automatic;
				CURRENT_PROJECT_VERSION = 1;
				INFOPLIST_FILE = TravelMappingWidget/Info.plist;
				LD_RUNPATH_SEARCH_PATHS = (
					"$(inherited)",
					"@executable_path/Frameworks",
					"@executable_path/../../Frameworks",
				);
				MARKETING_VERSION = 1.0;
				PRODUCT_BUNDLE_IDENTIFIER = com.psiegel18.TravelMapping.widget;
				SDKROOT = iphoneos;
				TARGETED_DEVICE_FAMILY = "1,2";
			};
			name = Debug;
		};
/* End XCBuildConfiguration section */

/* Begin XCConfigurationList section */
		0F53829FA62538701C724A4E /* Build configuration list for PBXProject "TravelMappingApp" */ = {
			isa = XCConfigurationList;
			buildConfigurations = (
				0039ADEB777C462195751EF5 /* Debug */,
				16A5E0776B37B2B0A726E14A /* Release */,
			);
			defaultConfigurationIsVisible = 0;
			defaultConfigurationName = Debug;
		};
		5C5520654A7728D57D3565AF /* Build configuration list for PBXNativeTarget "TravelMappingApp" */ = {
			isa = XCConfigurationList;
			buildConfigurations = (
				9008345EC066F47409532F2C /* Debug */,
				3954CBF6E6C4F22A26348BC4 /* Release */,
			);
			defaultConfigurationIsVisible = 0;
			defaultConfigurationName = Debug;
		};
		A1EF4ED03682D88059BC0224 /* Build configuration list for PBXNativeTarget "TravelMappingWidgetExtension" */ = {
			isa = XCConfigurationList;
			buildConfigurations = (
				F7E2D68DD1CD77F95B6B939A /* Debug */,
				81F54076C775A2956FAD7E17 /* Release */,
			);
			defaultConfigurationIsVisible = 0;
			defaultConfigurationName = Debug;
		};
		C05272944E90E298C18D4553 /* Build configuration list for PBXNativeTarget "TravelMappingWatch" */ = {
			isa = XCConfigurationList;
			buildConfigurations = (
				347747EBBD44E6B82AC217F6 /* Debug */,
				F3D4F7CE18D99148BF371B29 /* Release */,
			);
			defaultConfigurationIsVisible = 0;
			defaultConfigurationName = Debug;
		};
/* End XCConfigurationList section */

/* Begin XCRemoteSwiftPackageReference section */
		5AD301CA2F84D2EE006E410A /* XCRemoteSwiftPackageReference "sentry-cocoa" */ = {
			isa = XCRemoteSwiftPackageReference;
			repositoryURL = "https://github.com/getsentry/sentry-cocoa.git";
			requirement = {
				kind = upToNextMajorVersion;
				minimumVersion = 9.9.0;
			};
			traits = (
			);
		};
/* End XCRemoteSwiftPackageReference section */

/* Begin XCSwiftPackageProductDependency section */
		5A9671E42F84DAC60013061D /* Sentry */ = {
			isa = XCSwiftPackageProductDependency;
			package = 5AD301CA2F84D2EE006E410A /* XCRemoteSwiftPackageReference "sentry-cocoa" */;
			productName = Sentry;
		};
		5A9671F22F84DAC60013061D /* SentrySwiftUI */ = {
			isa = XCSwiftPackageProductDependency;
			package = 5AD301CA2F84D2EE006E410A /* XCRemoteSwiftPackageReference "sentry-cocoa" */;
			productName = SentrySwiftUI;
		};
		5A9671F52F84DBA10013061D /* Sentry */ = {
			isa = XCSwiftPackageProductDependency;
			package = 5AD301CA2F84D2EE006E410A /* XCRemoteSwiftPackageReference "sentry-cocoa" */;
			productName = Sentry;
		};
/* End XCSwiftPackageProductDependency section */
	};
	rootObject = 8738B94C83BB6AE73AFA799A /* Project object */;
}
